
Microsoft Visual Studio Solution File, Format Version 12.00
# Visual Studio 15
VisualStudioVersion = 15.0.28010.2046
MinimumVisualStudioVersion = 10.0.40219.1
Project("{FAE04EC0-301F-11D3-BF4B-00C04F79EFBC}") = "PenteGame.View", "PenteGame\PenteGame.View.csproj", "{581C0213-34D7-4DDB-A76A-BFFE10093E41}"
EndProject
Project("{FAE04EC0-301F-11D3-BF4B-00C04F79EFBC}") = "PenteGame.Lib", "PenteGame.Lib\PenteGame.Lib.csproj", "{057BDBCB-1CAA-420C-B8B0-152B3452DAFF}"
EndProject
Project("{FAE04EC0-301F-11D3-BF4B-00C04F79EFBC}") = "PenteGame.Lib.Tests", "PenteGame.Lib.Tests\PenteGame.Lib.Tests.csproj", "{B3FF5477-D80F-42F2-8BAE-F1BF78FE1757}"
EndProject
Project("{FAE04EC0-301F-11D3-BF4B-00C04F79EFBC}") = "PenteGame.View.Tests", "PenteGame.View.Tests\PenteGame.View.Tests.csproj", "{85C327F6-A87F-4AA8-899B-4F0B19C01E49}"
EndProject
Global
	GlobalSection(SolutionConfigurationPlatforms) = preSolution
		Debug|Any CPU = Debug|Any CPU
		Release|Any CPU = Release|Any CPU
	EndGlobalSection
	GlobalSection(ProjectConfigurationPlatforms) = postSolution
		{581C0213-34D7-4DDB-A76A-BFFE10093E41}.Debug|Any CPU.ActiveCfg = Debug|Any CPU
		{581C0213-34D7-4DDB-A76A-BFFE10093E41}.Debug|Any CPU.Build.0 = Debug|Any CPU
		{581C0213-34D7-4DDB-A76A-BFFE10093E41}.Release|Any CPU.ActiveCfg = Release|Any CPU
		{581C0213-34D7-4DDB-A76A-BFFE10093E41}.Release|Any CPU.Build.0 = Release|Any CPU
		{057BDBCB-1CAA-420C-B8B0-152B3452DAFF}.Debug|Any CPU.ActiveCfg = Debug|Any CPU
		{057BDBCB-1CAA-420C-B8B0-152B3452DAFF}.Debug|Any CPU.Build.0 = Debug|Any CPU
		{057BDBCB-1CAA-420C-B8B0-152B3452DAFF}.Release|Any CPU.ActiveCfg = Release|Any CPU
		{057BDBCB-1CAA-420C-B8B0-152B3452DAFF}.Release|Any CPU.Build.0 = Release|Any CPU
		{B3FF5477-D80F-42F2-8BAE-F1BF78FE1757}.Debug|Any CPU.ActiveCfg = Debug|Any CPU
		{B3FF5477-D80F-42F2-8BAE-F1BF78FE1757}.Debug|Any CPU.Build.0 = Debug|Any CPU
		{B3FF5477-D80F-42F2-8BAE-F1BF78FE1757}.Release|Any CPU.ActiveCfg = Release|Any CPU
		{B3FF5477-D80F-42F2-8BAE-F1BF78FE1757}.Release|Any CPU.Build.0 = Release|Any CPU
		{85C327F6-A87F-4AA8-899B-4F0B19C01E49}.Debug|Any CPU.ActiveCfg = Debug|Any CPU
		{85C327F6-A87F-4AA8-899B-4F0B19C01E49}.Debug|Any CPU.Build.0 = Debug|Any CPU
		{85C327F6-A87F-4AA8-899B-4F0B19C01E49}.Release|Any CPU.ActiveCfg = Release|Any CPU
		{85C327F6-A87F-4AA8-899B-4F0B19C01E49}.Release|Any CPU.Build.0 = Release|Any CPU
	EndGlobalSection
	GlobalSection(SolutionProperties) = preSolution
		HideSolutionNode = FALSE
	EndGlobalSection
	GlobalSection(ExtensibilityGlobals) = postSolution
		SolutionGuid = {972AD527-CAD6-44F6-A554-B3AC8188A55D}
	EndGlobalSection
EndGlobal
